dependencies:
- name: prometheus
  repository: https://prometheus-community.github.io/helm-charts
  version: 29.19.0
- name: grafana
  repository: https://grafana.github.io/helm-charts
  version: 10.5.15
- name: tempo
  repository: https://grafana.github.io/helm-charts
  version: 1.24.4
- name: loki-stack
  repository: https://grafana.github.io/helm-charts
  version: 2.10.3
digest: sha256:f6ee8a09ffa99e14e0c518418efdffb1d0493ec1f5dac6c97ec2ca1cd44112fd
generated: "2026-07-23T11:25:45.578983+03:00"
